
Microsoft Visual Studio Solution File, Format Version 12.00
# Visual Studio Version 17
VisualStudioVersion = 17.4.33213.308
MinimumVisualStudioVersion = 10.0.40219.1
Project("{FAE04EC0-301F-11D3-BF4B-00C04F79EFBC}") = "Part 1", "Part 1\Part 1.csproj", "{EC77CB4C-9FDA-455F-A21B-286A8DA25C3C}"
EndProject
Global
	GlobalSection(SolutionConfigurationPlatforms) = preSolution
		Debug|Any CPU = Debug|Any CPU
		Release|Any CPU = Release|Any CPU
	EndGlobalSection
	GlobalSection(ProjectConfigurationPlatforms) = postSolution
		{EC77CB4C-9FDA-455F-A21B-286A8DA25C3C}.Debug|Any CPU.ActiveCfg = Debug|Any CPU
		{EC77CB4C-9FDA-455F-A21B-286A8DA25C3C}.Debug|Any CPU.Build.0 = Debug|Any CPU
		{EC77CB4C-9FDA-455F-A21B-286A8DA25C3C}.Release|Any CPU.ActiveCfg = Release|Any CPU
		{EC77CB4C-9FDA-455F-A21B-286A8DA25C3C}.Release|Any CPU.Build.0 = Release|Any CPU
	EndGlobalSection
	GlobalSection(SolutionProperties) = preSolution
		HideSolutionNode = FALSE
	EndGlobalSection
	GlobalSection(ExtensibilityGlobals) = postSolution
		SolutionGuid = {087BED2A-A47C-42FD-80BA-6D1AC69CF7F0}
	EndGlobalSection
EndGlobal
